// !$*UTF8*$!
{
	archiveVersion = 1;
	classes = {
	};
	objectVersion = 50;
	objects = {

/* Begin PBXBuildFile section */
		D81D8EE0266FD2DA00A7F2EA /* ScrumdingerApp.swift in Sources */ = {isa = PBXBuildFile; fileRef = D81D8EDF266FD2DA00A7F2EA /* ScrumdingerApp.swift */; };
		D81D8EE2266FD2DA00A7F2EA /* MeetingView.swift in Sources */ = {isa = PBXBuildFile; fileRef = D81D8EE1266FD2DA00A7F2EA /* MeetingView.swift */; };
		D81D8EE4266FD2DE00A7F2EA /* Assets.xcassets in Resources */ = {isa = PBXBuildFile; fileRef = D81D8EE3266FD2DE00A7F2EA /* Assets.xcassets */; };
		D81D8EE7266FD2DE00A7F2EA /* Preview Assets.xcassets in Resources */ = {isa = PBXBuildFile; fileRef = D81D8EE6266FD2DE00A7F2EA /* Preview Assets.xcassets */; };
		D81D8EF2266FD2DE00A7F2EA /* ScrumdingerTests.swift in Sources */ = {isa = PBXBuildFile; fileRef = D81D8EF1266FD2DE00A7F2EA /* ScrumdingerTests.swift */; };
		D81D8EFD266FD2DE00A7F2EA /* ScrumdingerUITests.swift in Sources */ = {isa = PBXBuildFile; fileRef = D81D8EFC266FD2DE00A7F2EA /* ScrumdingerUITests.swift */; };
		D8B77BBD26713EBA00510B53 /* DailyScrum.swift in Sources */ = {isa = PBXBuildFile; fileRef = D8B77BBC26713EBA00510B53 /* DailyScrum.swift */; };
		D8B77BBF267145BD00510B53 /* CardView.swift in Sources */ = {isa = PBXBuildFile; fileRef = D8B77BBE267145BD00510B53 /* CardView.swift */; };
		D8B77BC226715F0100510B53 /* Color+Codables.swift in Sources */ = {isa = PBXBuildFile; fileRef = D8B77BC126715F0100510B53 /* Color+Codables.swift */; };
/* End PBXBuildFile section */

/* Begin PBXContainerItemProxy section */
		D81D8EEE266FD2DE00A7F2EA /* PBXContainerItemProxy */ = {
			isa = PBXContainerItemProxy;
			containerPortal = D81D8ED4266FD2D900A7F2EA /* Project object */;
			proxyType = 1;
			remoteGlobalIDString = D81D8EDB266FD2DA00A7F2EA;
			remoteInfo = Scrumdinger;
		};
		D81D8EF9266FD2DE00A7F2EA /* PBXContainerItemProxy */ = {
			isa = PBXContainerItemProxy;
			containerPortal = D81D8ED4266FD2D900A7F2EA /* Project object */;
			proxyType = 1;
			remoteGlobalIDString = D81D8EDB266FD2DA00A7F2EA;
			remoteInfo = Scrumdinger;
		};
/* End PBXContainerItemProxy section */

/* Begin PBXFileReference section */
		D81D8EDC266FD2DA00A7F2EA /* Scrumdinger.app */ = {isa = PBXFileReference; explicitFileType = wrapper.application; includeInIndex = 0; path = Scrumdinger.app; sourceTree = BUILT_PRODUCTS_DIR; };
		D81D8EDF266FD2DA00A7F2EA /* ScrumdingerApp.swift */ = {isa = PBXFileReference; lastKnownFileType = sourcecode.swift; path = ScrumdingerApp.swift; sourceTree = "<group>"; };
		D81D8EE1266FD2DA00A7F2EA /* MeetingView.swift */ = {isa = PBXFileReference; lastKnownFileType = sourcecode.swift; path = MeetingView.swift; sourceTree = "<group>"; };
		D81D8EE3266FD2DE00A7F2EA /* Assets.xcassets */ = {isa = PBXFileReference; lastKnownFileType = folder.assetcatalog; path = Assets.xcassets; sourceTree = "<group>"; };
		D81D8EE6266FD2DE00A7F2EA /* Preview Assets.xcassets */ = {isa = PBXFileReference; lastKnownFileType = folder.assetcatalog; path = "Preview Assets.xcassets"; sourceTree = "<group>"; };
		D81D8EE8266FD2DE00A7F2EA /* Info.plist */ = {isa = PBXFileReference; lastKnownFileType = text.plist.xml; path = Info.plist; sourceTree = "<group>"; };
		D81D8EED266FD2DE00A7F2EA /* ScrumdingerTests.xctest */ = {isa = PBXFileReference; explicitFileType = wrapper.cfbundle; includeInIndex = 0; path = ScrumdingerTests.xctest; sourceTree = BUILT_PRODUCTS_DIR; };
		D81D8EF1266FD2DE00A7F2EA /* ScrumdingerTests.swift */ = {isa = PBXFileReference; lastKnownFileType = sourcecode.swift; path = ScrumdingerTests.swift; sourceTree = "<group>"; };
		D81D8EF3266FD2DE00A7F2EA /* Info.plist */ = {isa = PBXFileReference; lastKnownFileType = text.plist.xml; path = Info.plist; sourceTree = "<group>"; };
		D81D8EF8266FD2DE00A7F2EA /* ScrumdingerUITests.xctest */ = {isa = PBXFileReference; explicitFileType = wrapper.cfbundle; includeInIndex = 0; path = ScrumdingerUITests.xctest; sourceTree = BUILT_PRODUCTS_DIR; };
		D81D8EFC266FD2DE00A7F2EA /* ScrumdingerUITests.swift */ = {isa = PBXFileReference; lastKnownFileType = sourcecode.swift; path = ScrumdingerUITests.swift; sourceTree = "<group>"; };
		D81D8EFE266FD2DE00A7F2EA /* Info.plist */ = {isa = PBXFileReference; lastKnownFileType = text.plist.xml; path = Info.plist; sourceTree = "<group>"; };
		D8B77BBC26713EBA00510B53 /* DailyScrum.swift */ = {isa = PBXFileReference; lastKnownFileType = sourcecode.swift; path = DailyScrum.swift; sourceTree = "<group>"; };
		D8B77BBE267145BD00510B53 /* CardView.swift */ = {isa = PBXFileReference; lastKnownFileType = sourcecode.swift; path = CardView.swift; sourceTree = "<group>"; };
		D8B77BC126715F0100510B53 /* Color+Codables.swift */ = {isa = PBXFileReference; lastKnownFileType = sourcecode.swift; path = "Color+Codables.swift"; sourceTree = "<group>"; };
/* End PBXFileReference section */

/* Begin PBXFrameworksBuildPhase section */
		D81D8ED9266FD2DA00A7F2EA /* Frameworks */ = {
			isa = PBXFrameworksBuildPhase;
			buildActionMask = 2147483647;
			files = (
			);
			runOnlyForDeploymentPostprocessing = 0;
		};
		D81D8EEA266FD2DE00A7F2EA /* Frameworks */ = {
			isa = PBXFrameworksBuildPhase;
			buildActionMask = 2147483647;
			files = (
			);
			runOnlyForDeploymentPostprocessing = 0;
		};
		D81D8EF5266FD2DE00A7F2EA /* Frameworks */ = {
			isa = PBXFrameworksBuildPhase;
			buildActionMask = 2147483647;
			files = (
			);
			runOnlyForDeploymentPostprocessing = 0;
		};
/* End PBXFrameworksBuildPhase section */

/* Begin PBXGroup section */
		D81D8ED3266FD2D900A7F2EA = {
			isa = PBXGroup;
			children = (
				D81D8EDE266FD2DA00A7F2EA /* Scrumdinger */,
				D81D8EF0266FD2DE00A7F2EA /* ScrumdingerTests */,
				D81D8EFB266FD2DE00A7F2EA /* ScrumdingerUITests */,
				D81D8EDD266FD2DA00A7F2EA /* Products */,
			);
			sourceTree = "<group>";
		};
		D81D8EDD266FD2DA00A7F2EA /* Products */ = {
			isa = PBXGroup;
			children = (
				D81D8EDC266FD2DA00A7F2EA /* Scrumdinger.app */,
				D81D8EED266FD2DE00A7F2EA /* ScrumdingerTests.xctest */,
				D81D8EF8266FD2DE00A7F2EA /* ScrumdingerUITests.xctest */,
			);
			name = Products;
			sourceTree = "<group>";
		};
		D81D8EDE266FD2DA00A7F2EA /* Scrumdinger */ = {
			isa = PBXGroup;
			children = (
				D8B77BC026715EEE00510B53 /* Models */,
				D81D8EDF266FD2DA00A7F2EA /* ScrumdingerApp.swift */,
				D81D8EE1266FD2DA00A7F2EA /* MeetingView.swift */,
				D81D8EE3266FD2DE00A7F2EA /* Assets.xcassets */,
				D81D8EE8266FD2DE00A7F2EA /* Info.plist */,
				D81D8EE5266FD2DE00A7F2EA /* Preview Content */,
				D8B77BBE267145BD00510B53 /* CardView.swift */,
			);
			path = Scrumdinger;
			sourceTree = "<group>";
		};
		D81D8EE5266FD2DE00A7F2EA /* Preview Content */ = {
			isa = PBXGroup;
			children = (
				D81D8EE6266FD2DE00A7F2EA /* Preview Assets.xcassets */,
			);
			path = "Preview Content";
			sourceTree = "<group>";
		};
		D81D8EF0266FD2DE00A7F2EA /* ScrumdingerTests */ = {
			isa = PBXGroup;
			children = (
				D81D8EF1266FD2DE00A7F2EA /* ScrumdingerTests.swift */,
				D81D8EF3266FD2DE00A7F2EA /* Info.plist */,
			);
			path = ScrumdingerTests;
			sourceTree = "<group>";
		};
		D81D8EFB266FD2DE00A7F2EA /* ScrumdingerUITests */ = {
			isa = PBXGroup;
			children = (
				D81D8EFC266FD2DE00A7F2EA /* ScrumdingerUITests.swift */,
				D81D8EFE266FD2DE00A7F2EA /* Info.plist */,
			);
			path = ScrumdingerUITests;
			sourceTree = "<group>";
		};
		D8B77BC026715EEE00510B53 /* Models */ = {
			isa = PBXGroup;
			children = (
				D8B77BBC26713EBA00510B53 /* DailyScrum.swift */,
				D8B77BC126715F0100510B53 /* Color+Codables.swift */,
			);
			path = Models;
			sourceTree = "<group>";
		};
/* End PBXGroup section */

/* Begin PBXNativeTarget section */
		D81D8EDB266FD2DA00A7F2EA /* Scrumdinger */ = {
			isa = PBXNativeTarget;
			buildConfigurationList = D81D8F01266FD2DE00A7F2EA /* Build configuration list for PBXNativeTarget "Scrumdinger" */;
			buildPhases = (
				D81D8ED8266FD2DA00A7F2EA /* Sources */,
				D81D8ED9266FD2DA00A7F2EA /* Frameworks */,
				D81D8EDA266FD2DA00A7F2EA /* Resources */,
			);
			buildRules = (
			);
			dependencies = (
			);
			name = Scrumdinger;
			productName = Scrumdinger;
			productReference = D81D8EDC266FD2DA00A7F2EA /* Scrumdinger.app */;
			productType = "com.apple.product-type.application";
		};
		D81D8EEC266FD2DE00A7F2EA /* ScrumdingerTests */ = {
			isa = PBXNativeTarget;
			buildConfigurationList = D81D8F04266FD2DE00A7F2EA /* Build configuration list for PBXNativeTarget "ScrumdingerTests" */;
			buildPhases = (
				D81D8EE9266FD2DE00A7F2EA /* Sources */,
				D81D8EEA266FD2DE00A7F2EA /* Frameworks */,
				D81D8EEB266FD2DE00A7F2EA /* Resources */,
			);
			buildRules = (
			);
			dependencies = (
				D81D8EEF266FD2DE00A7F2EA /* PBXTargetDependency */,
			);
			name = ScrumdingerTests;
			productName = ScrumdingerTests;
			productReference = D81D8EED266FD2DE00A7F2EA /* ScrumdingerTests.xctest */;
			productType = "com.apple.product-type.bundle.unit-test";
		};
		D81D8EF7266FD2DE00A7F2EA /* ScrumdingerUITests */ = {
			isa = PBXNativeTarget;
			buildConfigurationList = D81D8F07266FD2DE00A7F2EA /* Build configuration list for PBXNativeTarget "ScrumdingerUITests" */;
			buildPhases = (
				D81D8EF4266FD2DE00A7F2EA /* Sources */,
				D81D8EF5266FD2DE00A7F2EA /* Frameworks */,
				D81D8EF6266FD2DE00A7F2EA /* Resources */,
			);
			buildRules = (
			);
			dependencies = (
				D81D8EFA266FD2DE00A7F2EA /* PBXTargetDependency */,
			);
			name = ScrumdingerUITests;
			productName = ScrumdingerUITests;
			productReference = D81D8EF8266FD2DE00A7F2EA /* ScrumdingerUITests.xctest */;
			productType = "com.apple.product-type.bundle.ui-testing";
		};
/* End PBXNativeTarget section */

/* Begin PBXProject section */
		D81D8ED4266FD2D900A7F2EA /* Project object */ = {
			isa = PBXProject;
			attributes = {
				LastSwiftUpdateCheck = 1250;
				LastUpgradeCheck = 1250;
				TargetAttributes = {
					D81D8EDB266FD2DA00A7F2EA = {
						CreatedOnToolsVersion = 12.5;
					};
					D81D8EEC266FD2DE00A7F2EA = {
						CreatedOnToolsVersion = 12.5;
						TestTargetID = D81D8EDB266FD2DA00A7F2EA;
					};
					D81D8EF7266FD2DE00A7F2EA = {
						CreatedOnToolsVersion = 12.5;
						TestTargetID = D81D8EDB266FD2DA00A7F2EA;
					};
				};
			};
			buildConfigurationList = D81D8ED7266FD2D900A7F2EA /* Build configuration list for PBXProject "Scrumdinger" */;
			compatibilityVersion = "Xcode 9.3";
			developmentRegion = en;
			hasScannedForEncodings = 0;
			knownRegions = (
				en,
				Base,
			);
			mainGroup = D81D8ED3266FD2D900A7F2EA;
			productRefGroup = D81D8EDD266FD2DA00A7F2EA /* Products */;
			projectDirPath = "";
			projectRoot = "";
			targets = (
				D81D8EDB266FD2DA00A7F2EA /* Scrumdinger */,
				D81D8EEC266FD2DE00A7F2EA /* ScrumdingerTests */,
				D81D8EF7266FD2DE00A7F2EA /* ScrumdingerUITests */,
			);
		};
/* End PBXProject section */

/* Begin PBXResourcesBuildPhase section */
		D81D8EDA266FD2DA00A7F2EA /* Resources */ = {
			isa = PBXResourcesBuildPhase;
			buildActionMask = 2147483647;
			files = (
				D81D8EE7266FD2DE00A7F2EA /* Preview Assets.xcassets in Resources */,
				D81D8EE4266FD2DE00A7F2EA /* Assets.xcassets in Resources */,
			);
			runOnlyForDeploymentPostprocessing = 0;
		};
		D81D8EEB266FD2DE00A7F2EA /* Resources */ = {
			isa = PBXResourcesBuildPhase;
			buildActionMask = 2147483647;
			files = (
			);
			runOnlyForDeploymentPostprocessing = 0;
		};
		D81D8EF6266FD2DE00A7F2EA /* Resources */ = {
			isa = PBXResourcesBuildPhase;
			buildActionMask = 2147483647;
			files = (
			);
			runOnlyForDeploymentPostprocessing = 0;
		};
/* End PBXResourcesBuildPhase section */

/* Begin PBXSourcesBuildPhase section */
		D81D8ED8266FD2DA00A7F2EA /* Sources */ = {
			isa = PBXSourcesBuildPhase;
			buildActionMask = 2147483647;
			files = (
				D81D8EE2266FD2DA00A7F2EA /* MeetingView.swift in Sources */,
				D8B77BBD26713EBA00510B53 /* DailyScrum.swift in Sources */,
				D8B77BBF267145BD00510B53 /* CardView.swift in Sources */,
				D81D8EE0266FD2DA00A7F2EA /* ScrumdingerApp.swift in Sources */,
				D8B77BC226715F0100510B53 /* Color+Codables.swift in Sources */,
			);
			runOnlyForDeploymentPostprocessing = 0;
		};
		D81D8EE9266FD2DE00A7F2EA /* Sources */ = {
			isa = PBXSourcesBuildPhase;
			buildActionMask = 2147483647;
			files = (
				D81D8EF2266FD2DE00A7F2EA /* ScrumdingerTests.swift in Sources */,
			);
			runOnlyForDeploymentPostprocessing = 0;
		};
		D81D8EF4266FD2DE00A7F2EA /* Sources */ = {
			isa = PBXSourcesBuildPhase;
			buildActionMask = 2147483647;
			files = (
				D81D8EFD266FD2DE00A7F2EA /* ScrumdingerUITests.swift in Sources */,
			);
			runOnlyForDeploymentPostprocessing = 0;
		};
/* End PBXSourcesBuildPhase section */

/* Begin PBXTargetDependency section */
		D81D8EEF266FD2DE00A7F2EA /* PBXTargetDependency */ = {
			isa = PBXTargetDependency;
			target = D81D8EDB266FD2DA00A7F2EA /* Scrumdinger */;
			targetProxy = D81D8EEE266FD2DE00A7F2EA /* PBXContainerItemProxy */;
		};
		D81D8EFA266FD2DE00A7F2EA /* PBXTargetDependency */ = {
			isa = PBXTargetDependency;
			target = D81D8EDB266FD2DA00A7F2EA /* Scrumdinger */;
			targetProxy = D81D8EF9266FD2DE00A7F2EA /* PBXContainerItemProxy */;
		};
/* End PBXTargetDependency section */

/* Begin XCBuildConfiguration section */
		D81D8EFF266FD2DE00A7F2EA /* Debug */ = {
			isa = XCBuildConfiguration;
			buildSettings = {
				ALWAYS_SEARCH_USER_PATHS = NO;
				CLANG_ANALYZER_NONNULL = YES;
				CLANG_ANALYZER_NUMBER_OBJECT_CONVERSION = YES_AGGRESSIVE;
				CLANG_CXX_LANGUAGE_STANDARD = "gnu++14";
				CLANG_CXX_LIBRARY = "libc++";
				CLANG_ENABLE_MODULES = YES;
				CLANG_ENABLE_OBJC_ARC = YES;
				CLANG_ENABLE_OBJC_WEAK = YES;
				CLANG_WARN_BLOCK_CAPTURE_AUTORELEASING = YES;
				CLANG_WARN_BOOL_CONVERSION = YES;
				CLANG_WARN_COMMA = YES;
				CLANG_WARN_CONSTANT_CONVERSION = YES;
				CLANG_WARN_DEPRECATED_OBJC_IMPLEMENTATIONS = YES;
				CLANG_WARN_DIRECT_OBJC_ISA_USAGE = YES_ERROR;
				CLANG_WARN_DOCUMENTATION_COMMENTS = YES;
				CLANG_WARN_EMPTY_BODY = YES;
				CLANG_WARN_ENUM_CONVERSION = YES;
				CLANG_WARN_INFINITE_RECURSION = YES;
				CLANG_WARN_INT_CONVERSION = YES;
				CLANG_WARN_NON_LITERAL_NULL_CONVERSION = YES;
				CLANG_WARN_OBJC_IMPLICIT_RETAIN_SELF = YES;
				CLANG_WARN_OBJC_LITERAL_CONVERSION = YES;
				CLANG_WARN_OBJC_ROOT_CLASS = YES_ERROR;
				CLANG_WARN_QUOTED_INCLUDE_IN_FRAMEWORK_HEADER = YES;
				CLANG_WARN_RANGE_LOOP_ANALYSIS = YES;
				CLANG_WARN_STRICT_PROTOTYPES = YES;
				CLANG_WARN_SUSPICIOUS_MOVE = YES;
				CLANG_WARN_UNGUARDED_AVAILABILITY = YES_AGGRESSIVE;
				CLANG_WARN_UNREACHABLE_CODE = YES;
				CLANG_WARN__DUPLICATE_METHOD_MATCH = YES;
				COPY_PHASE_STRIP = NO;
				DEBUG_INFORMATION_FORMAT = dwarf;
				ENABLE_STRICT_OBJC_MSGSEND = YES;
				ENABLE_TESTABILITY = YES;
				GCC_C_LANGUAGE_STANDARD = gnu11;
				GCC_DYNAMIC_NO_PIC = NO;
				GCC_NO_COMMON_BLOCKS = YES;
				GCC_OPTIMIZATION_LEVEL = 0;
				GCC_PREPROCESSOR_DEFINITIONS = (
					"DEBUG=1",
					"$(inherited)",
				);
				GCC_WARN_64_TO_32_BIT_CONVERSION = YES;
				GCC_WARN_ABOUT_RETURN_TYPE = YES_ERROR;
				GCC_WARN_UNDECLARED_SELECTOR = YES;
				GCC_WARN_UNINITIALIZED_AUTOS = YES_AGGRESSIVE;
				GCC_WARN_UNUSED_FUNCTION = YES;
				GCC_WARN_UNUSED_VARIABLE = YES;
				IPHONEOS_DEPLOYMENT_TARGET = 14.5;
				MTL_ENABLE_DEBUG_INFO = INCLUDE_SOURCE;
				MTL_FAST_MATH = YES;
				ONLY_ACTIVE_ARCH = YES;
				SDKROOT = iphoneos;
				SWIFT_ACTIVE_COMPILATION_CONDITIONS = DEBUG;
				SWIFT_OPTIMIZATION_LEVEL = "-Onone";
			};
			name = Debug;
		};
		D81D8F00266FD2DE00A7F2EA /* Release */ = {
			isa = XCBuildConfiguration;
			buildSettings = {
				ALWAYS_SEARCH_USER_PATHS = NO;
				CLANG_ANALYZER_NONNULL = YES;
				CLANG_ANALYZER_NUMBER_OBJECT_CONVERSION = YES_AGGRESSIVE;
				CLANG_CXX_LANGUAGE_STANDARD = "gnu++14";
				CLANG_CXX_LIBRARY = "libc++";
				CLANG_ENABLE_MODULES = YES;
				CLANG_ENABLE_OBJC_ARC = YES;
				CLANG_ENABLE_OBJC_WEAK = YES;
				CLANG_WARN_BLOCK_CAPTURE_AUTORELEASING = YES;
				CLANG_WARN_BOOL_CONVERSION = YES;
				CLANG_WARN_COMMA = YES;
				CLANG_WARN_CONSTANT_CONVERSION = YES;
				CLANG_WARN_DEPRECATED_OBJC_IMPLEMENTATIONS = YES;
				CLANG_WARN_DIRECT_OBJC_ISA_USAGE = YES_ERROR;
				CLANG_WARN_DOCUMENTATION_COMMENTS = YES;
				CLANG_WARN_EMPTY_BODY = YES;
				CLANG_WARN_ENUM_CONVERSION = YES;
				CLANG_WARN_INFINITE_RECURSION = YES;
				CLANG_WARN_INT_CONVERSION = YES;
				CLANG_WARN_NON_LITERAL_NULL_CONVERSION = YES;
				CLANG_WARN_OBJC_IMPLICIT_RETAIN_SELF = YES;
				CLANG_WARN_OBJC_LITERAL_CONVERSION = YES;
				CLANG_WARN_OBJC_ROOT_CLASS = YES_ERROR;
				CLANG_WARN_QUOTED_INCLUDE_IN_FRAMEWORK_HEADER = YES;
				CLANG_WARN_RANGE_LOOP_ANALYSIS = YES;
				CLANG_WARN_STRICT_PROTOTYPES = YES;
				CLANG_WARN_SUSPICIOUS_MOVE = YES;
				CLANG_WARN_UNGUARDED_AVAILABILITY = YES_AGGRESSIVE;
				CLANG_WARN_UNREACHABLE_CODE = YES;
				CLANG_WARN__DUPLICATE_METHOD_MATCH = YES;
				COPY_PHASE_STRIP = NO;
				DEBUG_INFORMATION_FORMAT = "dwarf-with-dsym";
				ENABLE_NS_ASSERTIONS = NO;
				ENABLE_STRICT_OBJC_MSGSEND = YES;
				GCC_C_LANGUAGE_STANDARD = gnu11;
				GCC_NO_COMMON_BLOCKS = YES;
				GCC_WARN_64_TO_32_BIT_CONVERSION = YES;
				GCC_WARN_ABOUT_RETURN_TYPE = YES_ERROR;
				GCC_WARN_UNDECLARED_SELECTOR = YES;
				GCC_WARN_UNINITIALIZED_AUTOS = YES_AGGRESSIVE;
				GCC_WARN_UNUSED_FUNCTION = YES;
				GCC_WARN_UNUSED_VARIABLE = YES;
				IPHONEOS_DEPLOYMENT_TARGET = 14.5;
				MTL_ENABLE_DEBUG_INFO = NO;
				MTL_FAST_MATH = YES;
				SDKROOT = iphoneos;
				SWIFT_COMPILATION_MODE = wholemodule;
				SWIFT_OPTIMIZATION_LEVEL = "-O";
				VALIDATE_PRODUCT = YES;
			};
			name = Release;
		};
		D81D8F02266FD2DE00A7F2EA /* Debug */ = {
			isa = XCBuildConfiguration;
			buildSettings = {
				ASSETCATALOG_COMPILER_APPICON_NAME = AppIcon;
				ASSETCATALOG_COMPILER_GLOBAL_ACCENT_COLOR_NAME = AccentColor;
				CODE_SIGN_STYLE = Automatic;
				DEVELOPMENT_ASSET_PATHS = "\"Scrumdinger/Preview Content\"";
				ENABLE_PREVIEWS = YES;
				INFOPLIST_FILE = Scrumdinger/Info.plist;
				IPHONEOS_DEPLOYMENT_TARGET = 14.0;
				LD_RUNPATH_SEARCH_PATHS = (
					"$(inherited)",
					"@executable_path/Frameworks",
				);
				PRODUCT_BUNDLE_IDENTIFIER = com.devkrazy.Scrumdinger;
				PRODUCT_NAME = "$(TARGET_NAME)";
				SWIFT_VERSION = 5.0;
				TARGETED_DEVICE_FAMILY = "1,2";
			};
			name = Debug;
		};
		D81D8F03266FD2DE00A7F2EA /* Release */ = {
			isa = XCBuildConfiguration;
			buildSettings = {
				ASSETCATALOG_COMPILER_APPICON_NAME = AppIcon;
				ASSETCATALOG_COMPILER_GLOBAL_ACCENT_COLOR_NAME = AccentColor;
				CODE_SIGN_STYLE = Automatic;
				DEVELOPMENT_ASSET_PATHS = "\"Scrumdinger/Preview Content\"";
				ENABLE_PREVIEWS = YES;
				INFOPLIST_FILE = Scrumdinger/Info.plist;
				IPHONEOS_DEPLOYMENT_TARGET = 14.0;
				LD_RUNPATH_SEARCH_PATHS = (
					"$(inherited)",
					"@executable_path/Frameworks",
				);
				PRODUCT_BUNDLE_IDENTIFIER = com.devkrazy.Scrumdinger;
				PRODUCT_NAME = "$(TARGET_NAME)";
				SWIFT_VERSION = 5.0;
				TARGETED_DEVICE_FAMILY = "1,2";
			};
			name = Release;
		};
		D81D8F05266FD2DE00A7F2EA /* Debug */ = {
			isa = XCBuildConfiguration;
			buildSettings = {
				ALWAYS_EMBED_SWIFT_STANDARD_LIBRARIES = YES;
				BUNDLE_LOADER = "$(TEST_HOST)";
				CODE_SIGN_STYLE = Automatic;
				INFOPLIST_FILE = ScrumdingerTests/Info.plist;
				IPHONEOS_DEPLOYMENT_TARGET = 14.0;
				LD_RUNPATH_SEARCH_PATHS = (
					"$(inherited)",
					"@executable_path/Frameworks",
					"@loader_path/Frameworks",
				);
				PRODUCT_BUNDLE_IDENTIFIER = com.devkrazy.ScrumdingerTests;
				PRODUCT_NAME = "$(TARGET_NAME)";
				SWIFT_VERSION = 5.0;
				TARGETED_DEVICE_FAMILY = "1,2";
				TEST_HOST = "$(BUILT_PRODUCTS_DIR)/Scrumdinger.app/Scrumdinger";
			};
			name = Debug;
		};
		D81D8F06266FD2DE00A7F2EA /* Release */ = {
			isa = XCBuildConfiguration;
			buildSettings = {
				ALWAYS_EMBED_SWIFT_STANDARD_LIBRARIES = YES;
				BUNDLE_LOADER = "$(TEST_HOST)";
				CODE_SIGN_STYLE = Automatic;
				INFOPLIST_FILE = ScrumdingerTests/Info.plist;
				IPHONEOS_DEPLOYMENT_TARGET = 14.0;
				LD_RUNPATH_SEARCH_PATHS = (
					"$(inherited)",
					"@executable_path/Frameworks",
					"@loader_path/Frameworks",
				);
				PRODUCT_BUNDLE_IDENTIFIER = com.devkrazy.ScrumdingerTests;
				PRODUCT_NAME = "$(TARGET_NAME)";
				SWIFT_VERSION = 5.0;
				TARGETED_DEVICE_FAMILY = "1,2";
				TEST_HOST = "$(BUILT_PRODUCTS_DIR)/Scrumdinger.app/Scrumdinger";
			};
			name = Release;
		};
		D81D8F08266FD2DE00A7F2EA /* Debug */ = {
			isa = XCBuildConfiguration;
			buildSettings = {
				ALWAYS_EMBED_SWIFT_STANDARD_LIBRARIES = YES;
				CODE_SIGN_STYLE = Automatic;
				INFOPLIST_FILE = ScrumdingerUITests/Info.plist;
				LD_RUNPATH_SEARCH_PATHS = (
					"$(inherited)",
					"@executable_path/Frameworks",
					"@loader_path/Frameworks",
				);
				PRODUCT_BUNDLE_IDENTIFIER = com.devkrazy.ScrumdingerUITests;
				PRODUCT_NAME = "$(TARGET_NAME)";
				SWIFT_VERSION = 5.0;
				TARGETED_DEVICE_FAMILY = "1,2";
				TEST_TARGET_NAME = Scrumdinger;
			};
			name = Debug;
		};
		D81D8F09266FD2DE00A7F2EA /* Release */ = {
			isa = XCBuildConfiguration;
			buildSettings = {
				ALWAYS_EMBED_SWIFT_STANDARD_LIBRARIES = YES;
				CODE_SIGN_STYLE = Automatic;
				INFOPLIST_FILE = ScrumdingerUITests/Info.plist;
				LD_RUNPATH_SEARCH_PATHS = (
					"$(inherited)",
					"@executable_path/Frameworks",
					"@loader_path/Frameworks",
				);
				PRODUCT_BUNDLE_IDENTIFIER = com.devkrazy.ScrumdingerUITests;
				PRODUCT_NAME = "$(TARGET_NAME)";
				SWIFT_VERSION = 5.0;
				TARGETED_DEVICE_FAMILY = "1,2";
				TEST_TARGET_NAME = Scrumdinger;
			};
			name = Release;
		};
/* End XCBuildConfiguration section */

/* Begin XCConfigurationList section */
		D81D8ED7266FD2D900A7F2EA /* Build configuration list for PBXProject "Scrumdinger" */ = {
			isa = XCConfigurationList;
			buildConfigurations = (
				D81D8EFF266FD2DE00A7F2EA /* Debug */,
				D81D8F00266FD2DE00A7F2EA /* Release */,
			);
			defaultConfigurationIsVisible = 0;
			defaultConfigurationName = Release;
		};
		D81D8F01266FD2DE00A7F2EA /* Build configuration list for PBXNativeTarget "Scrumdinger" */ = {
			isa = XCConfigurationList;
			buildConfigurations = (
				D81D8F02266FD2DE00A7F2EA /* Debug */,
				D81D8F03266FD2DE00A7F2EA /* Release */,
			);
			defaultConfigurationIsVisible = 0;
			defaultConfigurationName = Release;
		};
		D81D8F04266FD2DE00A7F2EA /* Build configuration list for PBXNativeTarget "ScrumdingerTests" */ = {
			isa = XCConfigurationList;
			buildConfigurations = (
				D81D8F05266FD2DE00A7F2EA /* Debug */,
				D81D8F06266FD2DE00A7F2EA /* Release */,
			);
			defaultConfigurationIsVisible = 0;
			defaultConfigurationName = Release;
		};
		D81D8F07266FD2DE00A7F2EA /* Build configuration list for PBXNativeTarget "ScrumdingerUITests" */ = {
			isa = XCConfigurationList;
			buildConfigurations = (
				D81D8F08266FD2DE00A7F2EA /* Debug */,
				D81D8F09266FD2DE00A7F2EA /* Release */,
			);
			defaultConfigurationIsVisible = 0;
			defaultConfigurationName = Release;
		};
/* End XCConfigurationList section */
	};
	rootObject = D81D8ED4266FD2D900A7F2EA /* Project object */;
}
